
Microsoft Visual Studio Solution File, Format Version 12.00
Project("{2150E333-8FDC-42A3-9474-1A3956D46DE8}") = "Solution Items", "Solution Items", "{8FC526EA-218B-4615-8410-4E1850611F38}"
	ProjectSection(SolutionItems) = preProject
		.editorconfig = .editorconfig
	EndProjectSection
EndProject
Project("{2150E333-8FDC-42A3-9474-1A3956D46DE8}") = "src", "src", "{383137F0-7326-4264-9A8C-5171E6658F40}"
EndProject
Project("{2150E333-8FDC-42A3-9474-1A3956D46DE8}") = "Common", "Common", "{4E819691-BC19-4622-A105-32EC14F05B43}"
EndProject
Project("{2150E333-8FDC-42A3-9474-1A3956D46DE8}") = "Modules", "Modules", "{4B33EE01-258E-438F-B16A-90FC07FEE3D4}"
EndProject
Project("{FAE04EC0-301F-11D3-BF4B-00C04F79EFBC}") = "Domain", "src\Common\Domain\Domain.csproj", "{F01A6EB2-A3E1-47D1-AD4A-A5BBE6A3E47B}"
EndProject
Project("{FAE04EC0-301F-11D3-BF4B-00C04F79EFBC}") = "Application", "src\Common\Application\Application.csproj", "{347FE017-9427-46B6-BA6E-2FFEAA60D9DF}"
EndProject
Project("{FAE04EC0-301F-11D3-BF4B-00C04F79EFBC}") = "Infrastructure", "src\Common\Infrastructure\Infrastructure.csproj", "{04EE094C-E6EC-4036-9377-8558C143A86E}"
EndProject
Project("{FAE04EC0-301F-11D3-BF4B-00C04F79EFBC}") = "Persistence", "src\Common\Persistence\Persistence.csproj", "{D39B4678-B945-48EC-83B2-F95C17484C78}"
EndProject
Project("{FAE04EC0-301F-11D3-BF4B-00C04F79EFBC}") = "App", "App\App.csproj", "{453FDC97-D955-40AB-94D5-D3932318102C}"
EndProject
Project("{2150E333-8FDC-42A3-9474-1A3956D46DE8}") = "Users", "Users", "{8E20939E-2A30-49B7-AF59-BEB86415B288}"
EndProject
Project("{FAE04EC0-301F-11D3-BF4B-00C04F79EFBC}") = "Modules.Users.Domain", "src\Modules\Users\Modules.Users.Domain\Modules.Users.Domain.csproj", "{67C34FCD-7B0D-4D38-BCB0-B265B89C6C00}"
EndProject
Project("{FAE04EC0-301F-11D3-BF4B-00C04F79EFBC}") = "Modules.Users.Application", "src\Modules\Users\Modules.Users.Application\Modules.Users.Application.csproj", "{A3DA80D9-F5EC-4457-BB9B-AA258FDA3402}"
EndProject
Project("{FAE04EC0-301F-11D3-BF4B-00C04F79EFBC}") = "Modules.Users.Infrastructure", "src\Modules\Users\Modules.Users.Infrastructure\Modules.Users.Infrastructure.csproj", "{494D9CE9-2808-4A00-B974-7F63C1521B3B}"
EndProject
Project("{FAE04EC0-301F-11D3-BF4B-00C04F79EFBC}") = "Modules.Users.Persistence", "src\Modules\Users\Modules.Users.Persistence\Modules.Users.Persistence.csproj", "{106249B3-DB48-46BA-942A-68B0367C9F8E}"
EndProject
Project("{FAE04EC0-301F-11D3-BF4B-00C04F79EFBC}") = "Modules.Users.Endpoints", "src\Modules\Users\Modules.Users.Endpoints\Modules.Users.Endpoints.csproj", "{A9DEDA65-33F1-4ECC-A52E-67DECBD3BE81}"
EndProject
Project("{FAE04EC0-301F-11D3-BF4B-00C04F79EFBC}") = "Endpoints", "src\Common\Endpoints\Endpoints.csproj", "{81E4940B-A3B1-4A13-AC09-CFC6CF21B12C}"
EndProject
Project("{2150E333-8FDC-42A3-9474-1A3956D46DE8}") = "test", "test", "{EF45FEF6-CBFF-4428-9EC1-BB4390B36BD7}"
EndProject
Project("{2150E333-8FDC-42A3-9474-1A3956D46DE8}") = "Modules", "Modules", "{2DB641D2-FBA5-434B-9405-BBE9584A7D16}"
EndProject
Project("{2150E333-8FDC-42A3-9474-1A3956D46DE8}") = "Users", "Users", "{EE10964B-5E37-4392-BB57-D6497B003A0D}"
EndProject
Project("{FAE04EC0-301F-11D3-BF4B-00C04F79EFBC}") = "Modules.Users.UnitTests", "test\Modules\Users\Modules.Users.UnitTests\Modules.Users.UnitTests.csproj", "{85E5332A-2E15-4AC4-9B19-BC0E62AF4EB5}"
EndProject
Project("{2150E333-8FDC-42A3-9474-1A3956D46DE8}") = "Tenants", "Tenants", "{8F03644A-855D-4793-BAE7-FDACC293E91A}"
EndProject
Project("{FAE04EC0-301F-11D3-BF4B-00C04F79EFBC}") = "Modules.Tenants.Domain", "src\Modules\Tenants\Modules.Tenants.Domain\Modules.Tenants.Domain.csproj", "{0BFB1801-29F7-4C97-A9F2-39AF1F50E603}"
EndProject
Project("{FAE04EC0-301F-11D3-BF4B-00C04F79EFBC}") = "Modules.Tenants.Application", "src\Modules\Tenants\Modules.Tenants.Application\Modules.Tenants.Application.csproj", "{F8E0595F-723D-4E31-A193-E8EF9F1CCAF6}"
EndProject
Project("{FAE04EC0-301F-11D3-BF4B-00C04F79EFBC}") = "Modules.Tenants.Infrastructure", "src\Modules\Tenants\Modules.Tenants.Infrastructure\Modules.Tenants.Infrastructure.csproj", "{A7D07763-D5C9-42EB-AF96-B77111F00461}"
EndProject
Project("{FAE04EC0-301F-11D3-BF4B-00C04F79EFBC}") = "Modules.Tenants.Persistence", "src\Modules\Tenants\Modules.Tenants.Persistence\Modules.Tenants.Persistence.csproj", "{1EACC3D1-2F79-40B1-8CEB-B079D6BD75B7}"
EndProject
Project("{FAE04EC0-301F-11D3-BF4B-00C04F79EFBC}") = "Modules.Tenants.Endpoints", "src\Modules\Tenants\Modules.Tenants.Endpoints\Modules.Tenants.Endpoints.csproj", "{B5DBB4D6-D050-4DD6-A209-B86CE24EA2BF}"
EndProject
Project("{2150E333-8FDC-42A3-9474-1A3956D46DE8}") = "Tenants", "Tenants", "{B74EDCB8-048D-489F-8967-6D24A940F045}"
EndProject
Project("{FAE04EC0-301F-11D3-BF4B-00C04F79EFBC}") = "Modules.Tenants.Domain.Tests", "test\Modules\Tenants\Modules.Tenants.Domain.Tests\Modules.Tenants.Domain.Tests.csproj", "{20DAF51A-95DE-4065-806F-BB17563CDE93}"
EndProject
Project("{FAE04EC0-301F-11D3-BF4B-00C04F79EFBC}") = "Modules.Tenants.Application.Tests", "test\Modules\Tenants\Modules.Tenants.Application.Tests\Modules.Tenants.Application.Tests.csproj", "{5126EE7C-AEB6-4D37-BEA5-317B8682BC29}"
EndProject
Project("{2150E333-8FDC-42A3-9474-1A3956D46DE8}") = "Workspaces", "Workspaces", "{9F650AC3-EC35-46E5-A20F-D50DA3983921}"
EndProject
Project("{FAE04EC0-301F-11D3-BF4B-00C04F79EFBC}") = "Modules.Workspaces.Domain", "src\Modules\Workspaces\Modules.Workspaces.Domain\Modules.Workspaces.Domain.csproj", "{ECE3C0D6-0481-4E49-A585-502E03D8A251}"
EndProject
Project("{FAE04EC0-301F-11D3-BF4B-00C04F79EFBC}") = "Modules.Workspaces.Application", "src\Modules\Workspaces\Modules.Workspaces.Application\Modules.Workspaces.Application.csproj", "{D5D30378-1CE6-4C6E-AF7C-D44EF2DAC702}"
EndProject
Project("{FAE04EC0-301F-11D3-BF4B-00C04F79EFBC}") = "Modules.Workspaces.Endpoints", "src\Modules\Workspaces\Modules.Workspaces.Endpoints\Modules.Workspaces.Endpoints.csproj", "{E1A9CDCF-8404-43C4-AEE8-AC5DC4578A7B}"
EndProject
Project("{FAE04EC0-301F-11D3-BF4B-00C04F79EFBC}") = "Modules.Workspaces.Infrastructure", "src\Modules\Workspaces\Modules.Workspaces.Infrastructure\Modules.Workspaces.Infrastructure.csproj", "{6E2AB560-E5B9-41A6-AFB0-6370ECAA1DEA}"
EndProject
Project("{FAE04EC0-301F-11D3-BF4B-00C04F79EFBC}") = "Modules.Workspaces.Persistence", "src\Modules\Workspaces\Modules.Workspaces.Persistence\Modules.Workspaces.Persistence.csproj", "{412EA427-E005-4C37-BDE3-5FECCDFBE765}"
EndProject
Project("{2150E333-8FDC-42A3-9474-1A3956D46DE8}") = "Workspaces", "Workspaces", "{166CFC73-9B8C-4F88-A6F3-D8F2E3E848F4}"
EndProject
Project("{FAE04EC0-301F-11D3-BF4B-00C04F79EFBC}") = "Modules.Workspaces.Domain.Tests", "test\Modules\Workspaces\Modules.Workspaces.Domain.Tests\Modules.Workspaces.Domain.Tests.csproj", "{9EE425E6-B04B-41CE-9E26-0EC8562702A5}"
EndProject
Project("{FAE04EC0-301F-11D3-BF4B-00C04F79EFBC}") = "Modules.Workspaces.Application.Tests", "test\Modules\Workspaces\Modules.Workspaces.Application.Tests\Modules.Workspaces.Application.Tests.csproj", "{E9166D71-5F35-4432-922D-7C52802F1363}"
EndProject
Global
	GlobalSection(SolutionConfigurationPlatforms) = preSolution
		Debug|Any CPU = Debug|Any CPU
		Release|Any CPU = Release|Any CPU
	EndGlobalSection
	GlobalSection(NestedProjects) = preSolution
		{4E819691-BC19-4622-A105-32EC14F05B43} = {383137F0-7326-4264-9A8C-5171E6658F40}
		{4B33EE01-258E-438F-B16A-90FC07FEE3D4} = {383137F0-7326-4264-9A8C-5171E6658F40}
		{F01A6EB2-A3E1-47D1-AD4A-A5BBE6A3E47B} = {4E819691-BC19-4622-A105-32EC14F05B43}
		{347FE017-9427-46B6-BA6E-2FFEAA60D9DF} = {4E819691-BC19-4622-A105-32EC14F05B43}
		{04EE094C-E6EC-4036-9377-8558C143A86E} = {4E819691-BC19-4622-A105-32EC14F05B43}
		{D39B4678-B945-48EC-83B2-F95C17484C78} = {4E819691-BC19-4622-A105-32EC14F05B43}
		{453FDC97-D955-40AB-94D5-D3932318102C} = {383137F0-7326-4264-9A8C-5171E6658F40}
		{8E20939E-2A30-49B7-AF59-BEB86415B288} = {4B33EE01-258E-438F-B16A-90FC07FEE3D4}
		{67C34FCD-7B0D-4D38-BCB0-B265B89C6C00} = {8E20939E-2A30-49B7-AF59-BEB86415B288}
		{A3DA80D9-F5EC-4457-BB9B-AA258FDA3402} = {8E20939E-2A30-49B7-AF59-BEB86415B288}
		{494D9CE9-2808-4A00-B974-7F63C1521B3B} = {8E20939E-2A30-49B7-AF59-BEB86415B288}
		{106249B3-DB48-46BA-942A-68B0367C9F8E} = {8E20939E-2A30-49B7-AF59-BEB86415B288}
		{A9DEDA65-33F1-4ECC-A52E-67DECBD3BE81} = {8E20939E-2A30-49B7-AF59-BEB86415B288}
		{81E4940B-A3B1-4A13-AC09-CFC6CF21B12C} = {4E819691-BC19-4622-A105-32EC14F05B43}
		{2DB641D2-FBA5-434B-9405-BBE9584A7D16} = {EF45FEF6-CBFF-4428-9EC1-BB4390B36BD7}
		{EE10964B-5E37-4392-BB57-D6497B003A0D} = {2DB641D2-FBA5-434B-9405-BBE9584A7D16}
		{85E5332A-2E15-4AC4-9B19-BC0E62AF4EB5} = {EE10964B-5E37-4392-BB57-D6497B003A0D}
		{8F03644A-855D-4793-BAE7-FDACC293E91A} = {4B33EE01-258E-438F-B16A-90FC07FEE3D4}
		{0BFB1801-29F7-4C97-A9F2-39AF1F50E603} = {8F03644A-855D-4793-BAE7-FDACC293E91A}
		{F8E0595F-723D-4E31-A193-E8EF9F1CCAF6} = {8F03644A-855D-4793-BAE7-FDACC293E91A}
		{A7D07763-D5C9-42EB-AF96-B77111F00461} = {8F03644A-855D-4793-BAE7-FDACC293E91A}
		{1EACC3D1-2F79-40B1-8CEB-B079D6BD75B7} = {8F03644A-855D-4793-BAE7-FDACC293E91A}
		{B5DBB4D6-D050-4DD6-A209-B86CE24EA2BF} = {8F03644A-855D-4793-BAE7-FDACC293E91A}
		{B74EDCB8-048D-489F-8967-6D24A940F045} = {2DB641D2-FBA5-434B-9405-BBE9584A7D16}
		{20DAF51A-95DE-4065-806F-BB17563CDE93} = {B74EDCB8-048D-489F-8967-6D24A940F045}
		{5126EE7C-AEB6-4D37-BEA5-317B8682BC29} = {B74EDCB8-048D-489F-8967-6D24A940F045}
		{9F650AC3-EC35-46E5-A20F-D50DA3983921} = {4B33EE01-258E-438F-B16A-90FC07FEE3D4}
		{ECE3C0D6-0481-4E49-A585-502E03D8A251} = {9F650AC3-EC35-46E5-A20F-D50DA3983921}
		{D5D30378-1CE6-4C6E-AF7C-D44EF2DAC702} = {9F650AC3-EC35-46E5-A20F-D50DA3983921}
		{E1A9CDCF-8404-43C4-AEE8-AC5DC4578A7B} = {9F650AC3-EC35-46E5-A20F-D50DA3983921}
		{6E2AB560-E5B9-41A6-AFB0-6370ECAA1DEA} = {9F650AC3-EC35-46E5-A20F-D50DA3983921}
		{412EA427-E005-4C37-BDE3-5FECCDFBE765} = {9F650AC3-EC35-46E5-A20F-D50DA3983921}
		{166CFC73-9B8C-4F88-A6F3-D8F2E3E848F4} = {2DB641D2-FBA5-434B-9405-BBE9584A7D16}
		{9EE425E6-B04B-41CE-9E26-0EC8562702A5} = {166CFC73-9B8C-4F88-A6F3-D8F2E3E848F4}
		{E9166D71-5F35-4432-922D-7C52802F1363} = {166CFC73-9B8C-4F88-A6F3-D8F2E3E848F4}
	EndGlobalSection
	GlobalSection(ProjectConfigurationPlatforms) = postSolution
		{F01A6EB2-A3E1-47D1-AD4A-A5BBE6A3E47B}.Debug|Any CPU.ActiveCfg = Debug|Any CPU
		{F01A6EB2-A3E1-47D1-AD4A-A5BBE6A3E47B}.Debug|Any CPU.Build.0 = Debug|Any CPU
		{F01A6EB2-A3E1-47D1-AD4A-A5BBE6A3E47B}.Release|Any CPU.ActiveCfg = Release|Any CPU
		{F01A6EB2-A3E1-47D1-AD4A-A5BBE6A3E47B}.Release|Any CPU.Build.0 = Release|Any CPU
		{347FE017-9427-46B6-BA6E-2FFEAA60D9DF}.Debug|Any CPU.ActiveCfg = Debug|Any CPU
		{347FE017-9427-46B6-BA6E-2FFEAA60D9DF}.Debug|Any CPU.Build.0 = Debug|Any CPU
		{347FE017-9427-46B6-BA6E-2FFEAA60D9DF}.Release|Any CPU.ActiveCfg = Release|Any CPU
		{347FE017-9427-46B6-BA6E-2FFEAA60D9DF}.Release|Any CPU.Build.0 = Release|Any CPU
		{04EE094C-E6EC-4036-9377-8558C143A86E}.Debug|Any CPU.ActiveCfg = Debug|Any CPU
		{04EE094C-E6EC-4036-9377-8558C143A86E}.Debug|Any CPU.Build.0 = Debug|Any CPU
		{04EE094C-E6EC-4036-9377-8558C143A86E}.Release|Any CPU.ActiveCfg = Release|Any CPU
		{04EE094C-E6EC-4036-9377-8558C143A86E}.Release|Any CPU.Build.0 = Release|Any CPU
		{D39B4678-B945-48EC-83B2-F95C17484C78}.Debug|Any CPU.ActiveCfg = Debug|Any CPU
		{D39B4678-B945-48EC-83B2-F95C17484C78}.Debug|Any CPU.Build.0 = Debug|Any CPU
		{D39B4678-B945-48EC-83B2-F95C17484C78}.Release|Any CPU.ActiveCfg = Release|Any CPU
		{D39B4678-B945-48EC-83B2-F95C17484C78}.Release|Any CPU.Build.0 = Release|Any CPU
		{453FDC97-D955-40AB-94D5-D3932318102C}.Debug|Any CPU.ActiveCfg = Debug|Any CPU
		{453FDC97-D955-40AB-94D5-D3932318102C}.Debug|Any CPU.Build.0 = Debug|Any CPU
		{453FDC97-D955-40AB-94D5-D3932318102C}.Release|Any CPU.ActiveCfg = Release|Any CPU
		{453FDC97-D955-40AB-94D5-D3932318102C}.Release|Any CPU.Build.0 = Release|Any CPU
		{67C34FCD-7B0D-4D38-BCB0-B265B89C6C00}.Debug|Any CPU.ActiveCfg = Debug|Any CPU
		{67C34FCD-7B0D-4D38-BCB0-B265B89C6C00}.Debug|Any CPU.Build.0 = Debug|Any CPU
		{67C34FCD-7B0D-4D38-BCB0-B265B89C6C00}.Release|Any CPU.ActiveCfg = Release|Any CPU
		{67C34FCD-7B0D-4D38-BCB0-B265B89C6C00}.Release|Any CPU.Build.0 = Release|Any CPU
		{A3DA80D9-F5EC-4457-BB9B-AA258FDA3402}.Debug|Any CPU.ActiveCfg = Debug|Any CPU
		{A3DA80D9-F5EC-4457-BB9B-AA258FDA3402}.Debug|Any CPU.Build.0 = Debug|Any CPU
		{A3DA80D9-F5EC-4457-BB9B-AA258FDA3402}.Release|Any CPU.ActiveCfg = Release|Any CPU
		{A3DA80D9-F5EC-4457-BB9B-AA258FDA3402}.Release|Any CPU.Build.0 = Release|Any CPU
		{494D9CE9-2808-4A00-B974-7F63C1521B3B}.Debug|Any CPU.ActiveCfg = Debug|Any CPU
		{494D9CE9-2808-4A00-B974-7F63C1521B3B}.Debug|Any CPU.Build.0 = Debug|Any CPU
		{494D9CE9-2808-4A00-B974-7F63C1521B3B}.Release|Any CPU.ActiveCfg = Release|Any CPU
		{494D9CE9-2808-4A00-B974-7F63C1521B3B}.Release|Any CPU.Build.0 = Release|Any CPU
		{106249B3-DB48-46BA-942A-68B0367C9F8E}.Debug|Any CPU.ActiveCfg = Debug|Any CPU
		{106249B3-DB48-46BA-942A-68B0367C9F8E}.Debug|Any CPU.Build.0 = Debug|Any CPU
		{106249B3-DB48-46BA-942A-68B0367C9F8E}.Release|Any CPU.ActiveCfg = Release|Any CPU
		{106249B3-DB48-46BA-942A-68B0367C9F8E}.Release|Any CPU.Build.0 = Release|Any CPU
		{A9DEDA65-33F1-4ECC-A52E-67DECBD3BE81}.Debug|Any CPU.ActiveCfg = Debug|Any CPU
		{A9DEDA65-33F1-4ECC-A52E-67DECBD3BE81}.Debug|Any CPU.Build.0 = Debug|Any CPU
		{A9DEDA65-33F1-4ECC-A52E-67DECBD3BE81}.Release|Any CPU.ActiveCfg = Release|Any CPU
		{A9DEDA65-33F1-4ECC-A52E-67DECBD3BE81}.Release|Any CPU.Build.0 = Release|Any CPU
		{81E4940B-A3B1-4A13-AC09-CFC6CF21B12C}.Debug|Any CPU.ActiveCfg = Debug|Any CPU
		{81E4940B-A3B1-4A13-AC09-CFC6CF21B12C}.Debug|Any CPU.Build.0 = Debug|Any CPU
		{81E4940B-A3B1-4A13-AC09-CFC6CF21B12C}.Release|Any CPU.ActiveCfg = Release|Any CPU
		{81E4940B-A3B1-4A13-AC09-CFC6CF21B12C}.Release|Any CPU.Build.0 = Release|Any CPU
		{85E5332A-2E15-4AC4-9B19-BC0E62AF4EB5}.Debug|Any CPU.ActiveCfg = Debug|Any CPU
		{85E5332A-2E15-4AC4-9B19-BC0E62AF4EB5}.Debug|Any CPU.Build.0 = Debug|Any CPU
		{85E5332A-2E15-4AC4-9B19-BC0E62AF4EB5}.Release|Any CPU.ActiveCfg = Release|Any CPU
		{85E5332A-2E15-4AC4-9B19-BC0E62AF4EB5}.Release|Any CPU.Build.0 = Release|Any CPU
		{0BFB1801-29F7-4C97-A9F2-39AF1F50E603}.Debug|Any CPU.ActiveCfg = Debug|Any CPU
		{0BFB1801-29F7-4C97-A9F2-39AF1F50E603}.Debug|Any CPU.Build.0 = Debug|Any CPU
		{0BFB1801-29F7-4C97-A9F2-39AF1F50E603}.Release|Any CPU.ActiveCfg = Release|Any CPU
		{0BFB1801-29F7-4C97-A9F2-39AF1F50E603}.Release|Any CPU.Build.0 = Release|Any CPU
		{F8E0595F-723D-4E31-A193-E8EF9F1CCAF6}.Debug|Any CPU.ActiveCfg = Debug|Any CPU
		{F8E0595F-723D-4E31-A193-E8EF9F1CCAF6}.Debug|Any CPU.Build.0 = Debug|Any CPU
		{F8E0595F-723D-4E31-A193-E8EF9F1CCAF6}.Release|Any CPU.ActiveCfg = Release|Any CPU
		{F8E0595F-723D-4E31-A193-E8EF9F1CCAF6}.Release|Any CPU.Build.0 = Release|Any CPU
		{A7D07763-D5C9-42EB-AF96-B77111F00461}.Debug|Any CPU.ActiveCfg = Debug|Any CPU
		{A7D07763-D5C9-42EB-AF96-B77111F00461}.Debug|Any CPU.Build.0 = Debug|Any CPU
		{A7D07763-D5C9-42EB-AF96-B77111F00461}.Release|Any CPU.ActiveCfg = Release|Any CPU
		{A7D07763-D5C9-42EB-AF96-B77111F00461}.Release|Any CPU.Build.0 = Release|Any CPU
		{1EACC3D1-2F79-40B1-8CEB-B079D6BD75B7}.Debug|Any CPU.ActiveCfg = Debug|Any CPU
		{1EACC3D1-2F79-40B1-8CEB-B079D6BD75B7}.Debug|Any CPU.Build.0 = Debug|Any CPU
		{1EACC3D1-2F79-40B1-8CEB-B079D6BD75B7}.Release|Any CPU.ActiveCfg = Release|Any CPU
		{1EACC3D1-2F79-40B1-8CEB-B079D6BD75B7}.Release|Any CPU.Build.0 = Release|Any CPU
		{B5DBB4D6-D050-4DD6-A209-B86CE24EA2BF}.Debug|Any CPU.ActiveCfg = Debug|Any CPU
		{B5DBB4D6-D050-4DD6-A209-B86CE24EA2BF}.Debug|Any CPU.Build.0 = Debug|Any CPU
		{B5DBB4D6-D050-4DD6-A209-B86CE24EA2BF}.Release|Any CPU.ActiveCfg = Release|Any CPU
		{B5DBB4D6-D050-4DD6-A209-B86CE24EA2BF}.Release|Any CPU.Build.0 = Release|Any CPU
		{20DAF51A-95DE-4065-806F-BB17563CDE93}.Debug|Any CPU.ActiveCfg = Debug|Any CPU
		{20DAF51A-95DE-4065-806F-BB17563CDE93}.Debug|Any CPU.Build.0 = Debug|Any CPU
		{20DAF51A-95DE-4065-806F-BB17563CDE93}.Release|Any CPU.ActiveCfg = Release|Any CPU
		{20DAF51A-95DE-4065-806F-BB17563CDE93}.Release|Any CPU.Build.0 = Release|Any CPU
		{5126EE7C-AEB6-4D37-BEA5-317B8682BC29}.Debug|Any CPU.ActiveCfg = Debug|Any CPU
		{5126EE7C-AEB6-4D37-BEA5-317B8682BC29}.Debug|Any CPU.Build.0 = Debug|Any CPU
		{5126EE7C-AEB6-4D37-BEA5-317B8682BC29}.Release|Any CPU.ActiveCfg = Release|Any CPU
		{5126EE7C-AEB6-4D37-BEA5-317B8682BC29}.Release|Any CPU.Build.0 = Release|Any CPU
		{ECE3C0D6-0481-4E49-A585-502E03D8A251}.Debug|Any CPU.ActiveCfg = Debug|Any CPU
		{ECE3C0D6-0481-4E49-A585-502E03D8A251}.Debug|Any CPU.Build.0 = Debug|Any CPU
		{ECE3C0D6-0481-4E49-A585-502E03D8A251}.Release|Any CPU.ActiveCfg = Release|Any CPU
		{ECE3C0D6-0481-4E49-A585-502E03D8A251}.Release|Any CPU.Build.0 = Release|Any CPU
		{D5D30378-1CE6-4C6E-AF7C-D44EF2DAC702}.Debug|Any CPU.ActiveCfg = Debug|Any CPU
		{D5D30378-1CE6-4C6E-AF7C-D44EF2DAC702}.Debug|Any CPU.Build.0 = Debug|Any CPU
		{D5D30378-1CE6-4C6E-AF7C-D44EF2DAC702}.Release|Any CPU.ActiveCfg = Release|Any CPU
		{D5D30378-1CE6-4C6E-AF7C-D44EF2DAC702}.Release|Any CPU.Build.0 = Release|Any CPU
		{E1A9CDCF-8404-43C4-AEE8-AC5DC4578A7B}.Debug|Any CPU.ActiveCfg = Debug|Any CPU
		{E1A9CDCF-8404-43C4-AEE8-AC5DC4578A7B}.Debug|Any CPU.Build.0 = Debug|Any CPU
		{E1A9CDCF-8404-43C4-AEE8-AC5DC4578A7B}.Release|Any CPU.ActiveCfg = Release|Any CPU
		{E1A9CDCF-8404-43C4-AEE8-AC5DC4578A7B}.Release|Any CPU.Build.0 = Release|Any CPU
		{6E2AB560-E5B9-41A6-AFB0-6370ECAA1DEA}.Debug|Any CPU.ActiveCfg = Debug|Any CPU
		{6E2AB560-E5B9-41A6-AFB0-6370ECAA1DEA}.Debug|Any CPU.Build.0 = Debug|Any CPU
		{6E2AB560-E5B9-41A6-AFB0-6370ECAA1DEA}.Release|Any CPU.ActiveCfg = Release|Any CPU
		{6E2AB560-E5B9-41A6-AFB0-6370ECAA1DEA}.Release|Any CPU.Build.0 = Release|Any CPU
		{412EA427-E005-4C37-BDE3-5FECCDFBE765}.Debug|Any CPU.ActiveCfg = Debug|Any CPU
		{412EA427-E005-4C37-BDE3-5FECCDFBE765}.Debug|Any CPU.Build.0 = Debug|Any CPU
		{412EA427-E005-4C37-BDE3-5FECCDFBE765}.Release|Any CPU.ActiveCfg = Release|Any CPU
		{412EA427-E005-4C37-BDE3-5FECCDFBE765}.Release|Any CPU.Build.0 = Release|Any CPU
		{9EE425E6-B04B-41CE-9E26-0EC8562702A5}.Debug|Any CPU.ActiveCfg = Debug|Any CPU
		{9EE425E6-B04B-41CE-9E26-0EC8562702A5}.Debug|Any CPU.Build.0 = Debug|Any CPU
		{9EE425E6-B04B-41CE-9E26-0EC8562702A5}.Release|Any CPU.ActiveCfg = Release|Any CPU
		{9EE425E6-B04B-41CE-9E26-0EC8562702A5}.Release|Any CPU.Build.0 = Release|Any CPU
		{E9166D71-5F35-4432-922D-7C52802F1363}.Debug|Any CPU.ActiveCfg = Debug|Any CPU
		{E9166D71-5F35-4432-922D-7C52802F1363}.Debug|Any CPU.Build.0 = Debug|Any CPU
		{E9166D71-5F35-4432-922D-7C52802F1363}.Release|Any CPU.ActiveCfg = Release|Any CPU
		{E9166D71-5F35-4432-922D-7C52802F1363}.Release|Any CPU.Build.0 = Release|Any CPU
	EndGlobalSection
EndGlobal
